<?xml version="1.0" encoding="utf-8"?>
<Project ToolsVersion="4.0" xmlns="http://schemas.microsoft.com/developer/msbuild/2003">
  <ItemGroup>
    <Filter Include="Resource Files">
      <UniqueIdentifier>{67DA6AB6-F800-4c08-8B7A-83BB121AAD01}</UniqueIdentifier>
      <Extensions>rc;ico;cur;bmp;dlg;rc2;rct;bin;rgs;gif;jpg;jpeg;jpe;resx;tiff;tif;png;wav</Extensions>
    </Filter>
  </ItemGroup>
  <ItemGroup>
    <ClCompile Include="CandidateList.cpp" />
    <ClCompile Include="Compartment.cpp" />
    <ClCompile Include="Composition.cpp" />
    <ClCompile Include="dllmain.cpp" />
    <ClCompile Include="EditSession.cpp" />
    <ClCompile Include="Globals.cpp" />
    <ClCompile Include="KeyEvent.cpp" />
    <ClCompile Include="KeyEventSink.cpp" />
    <ClCompile Include="LanguageBar.cpp" />
    <ClCompile Include="Register.cpp" />
    <ClCompile Include="Server.cpp" />
    <ClCompile Include="stdafx.cpp" />
    <ClCompile Include="TextEditSink.cpp" />
    <ClCompile Include="ThreadMgrEventSink.cpp" />
    <ClCompile Include="WeaselTSF.cpp" />
  </ItemGroup>
  <ItemGroup>
    <ClInclude Include="CandidateList.h" />
    <ClInclude Include="Compartment.h" />
    <ClInclude Include="ctffunc.h" />
    <ClInclude Include="EditSession.h" />
    <ClInclude Include="Globals.h" />
    <ClInclude Include="KeyEvent.h" />
    <ClInclude Include="LanguageBar.h" />
    <ClInclude Include="Register.h" />
    <ClInclude Include="stdafx.h" />
    <ClInclude Include="targetver.h" />
    <ClInclude Include="WeaselTSF.h" />
    <ClInclude Include="resource.h" />
  </ItemGroup>
  <ItemGroup>
    <None Include="ReadMe.txt" />
    <None Include="..\resource\zh.ico">
      <Filter>Resource Files</Filter>
    </None>
    <None Include="..\resource\reload.ico">
      <Filter>Resource Files</Filter>
    </None>
    <None Include="..\resource\en.ico">
      <Filter>Resource Files</Filter>
    </None>
    <None Include="WeaselTSF.def" />
    <None Include="..\resource\TypeDuck_Small.ico">
      <Filter>Resource Files</Filter>
    </None>
  </ItemGroup>
  <ItemGroup>
    <ResourceCompile Include="WeaselTSF.rc">
      <Filter>Resource Files</Filter>
    </ResourceCompile>
  </ItemGroup>
</Project>