<?xml version="1.0" encoding="utf-8"?>
<Project ToolsVersion="4.0" xmlns="http://schemas.microsoft.com/developer/msbuild/2003">
  <ItemGroup>
    <Filter Include="Deserializer">
      <UniqueIdentifier>{46c80f2d-1b64-4626-ad53-2b064c68b15c}</UniqueIdentifier>
    </Filter>
  </ItemGroup>
  <ItemGroup>
    <ClCompile Include="ActionLoader.cpp">
      <Filter>Deserializer</Filter>
    </ClCompile>
    <ClCompile Include="Committer.cpp">
      <Filter>Deserializer</Filter>
    </ClCompile>
    <ClCompile Include="ContextUpdater.cpp">
      <Filter>Deserializer</Filter>
    </ClCompile>
    <ClCompile Include="Configurator.cpp">
      <Filter>Deserializer</Filter>
    </ClCompile>
    <ClCompile Include="Styler.cpp">
      <Filter>Deserializer</Filter>
    </ClCompile>
    <ClCompile Include="Deserializer.cpp" />
    <ClCompile Include="PipeChannel.cpp" />
    <ClCompile Include="ResponseParser.cpp" />
    <ClCompile Include="stdafx.cpp" />
    <ClCompile Include="WeaselClientImpl.cpp" />
  </ItemGroup>
  <ItemGroup>
    <ClInclude Include="Deserializer.h" />
    <ClInclude Include="..\include\PipeChannel.h" />
    <ClInclude Include="..\include\ResponseParser.h" />
    <ClInclude Include="stdafx.h" />
    <ClInclude Include="targetver.h" />
    <ClInclude Include="WeaselClientImpl.h" />
    <ClInclude Include="..\include\WeaselIPC.h" />
    <ClInclude Include="ActionLoader.h">
      <Filter>Deserializer</Filter>
    </ClInclude>
    <ClInclude Include="Committer.h">
      <Filter>Deserializer</Filter>
    </ClInclude>
    <ClInclude Include="Configurator.h">
      <Filter>Deserializer</Filter>
    </ClInclude>
    <ClInclude Include="ContextUpdater.h">
      <Filter>Deserializer</Filter>
    </ClInclude>
    <ClInclude Include="Styler.h">
      <Filter>Deserializer</Filter>
    </ClInclude>
  </ItemGroup>
  <ItemGroup>
    <None Include="ReadMe.txt" />
  </ItemGroup>
</Project>