<?xml version="1.0" encoding="utf-8"?>
<Project ToolsVersion="4.0" xmlns="http://schemas.microsoft.com/developer/msbuild/2003">
  <ItemGroup>
    <ClCompile Include="fontClasses.cpp" />
    <ClCompile Include="FullScreenLayout.cpp" />
    <ClCompile Include="GdiplusBlur.cpp" />
    <ClCompile Include="HorizontalLayout.cpp" />
    <ClCompile Include="Layout.cpp" />
    <ClCompile Include="MultiHintPanel.cpp" />
    <ClCompile Include="StandardLayout.cpp" />
    <ClCompile Include="stdafx.cpp" />
    <ClCompile Include="VerticalLayout.cpp" />
    <ClCompile Include="VHorizontalLayout.cpp" />
    <ClCompile Include="WeaselPanel.cpp" />
    <ClCompile Include="WeaselUI.cpp" />
  </ItemGroup>
  <ItemGroup>
    <ClInclude Include="fontClasses.h" />
    <ClInclude Include="FullScreenLayout.h" />
    <ClInclude Include="GdiplusBlur.h" />
    <ClInclude Include="HorizontalLayout.h" />
    <ClInclude Include="Layout.h" />
    <ClInclude Include="MultiHintPanel.h" />
    <ClInclude Include="StandardLayout.h" />
    <ClInclude Include="stdafx.h" />
    <ClInclude Include="targetver.h" />
    <ClInclude Include="..\include\WeaselCommon.h" />
    <ClInclude Include="VerticalLayout.h" />
    <ClInclude Include="VHorizontalLayout.h" />
    <ClInclude Include="WeaselPanel.h" />
    <ClInclude Include="..\include\WeaselUI.h" />
  </ItemGroup>
  <ItemGroup>
    <None Include="ReadMe.txt" />
  </ItemGroup>
</Project>